// !$*UTF8*$!
{
	archiveVersion = 1;
	classes = {
	};
	objectVersion = 56;
	objects = {

/* Begin PBXBuildFile section */
		2786E6BF2A6EDDB1006FB1E3 /* PaymentExampleApp.swift in Sources */ = {isa = PBXBuildFile; fileRef = 2786E6BE2A6EDDB1006FB1E3 /* PaymentExampleApp.swift */; };
		2786E6C12A6EDDB1006FB1E3 /* ContentView.swift in Sources */ = {isa = PBXBuildFile; fileRef = 2786E6C02A6EDDB1006FB1E3 /* ContentView.swift */; };
		2786E6C32A6EDDB2006FB1E3 /* Assets.xcassets in Resources */ = {isa = PBXBuildFile; fileRef = 2786E6C22A6EDDB2006FB1E3 /* Assets.xcassets */; };
		2786E6C62A6EDDB2006FB1E3 /* Preview Assets.xcassets in Resources */ = {isa = PBXBuildFile; fileRef = 2786E6C52A6EDDB2006FB1E3 /* Preview Assets.xcassets */; };
		2786E6D02A6EDDB2006FB1E3 /* PaymentExampleTests.swift in Sources */ = {isa = PBXBuildFile; fileRef = 2786E6CF2A6EDDB2006FB1E3 /* PaymentExampleTests.swift */; };
		2786E6DA2A6EDDB2006FB1E3 /* PaymentExampleUITests.swift in Sources */ = {isa = PBXBuildFile; fileRef = 2786E6D92A6EDDB2006FB1E3 /* PaymentExampleUITests.swift */; };
		2786E6DC2A6EDDB2006FB1E3 /* PaymentExampleUITestsLaunchTests.swift in Sources */ = {isa = PBXBuildFile; fileRef = 2786E6DB2A6EDDB2006FB1E3 /* PaymentExampleUITestsLaunchTests.swift */; };
		298AA1AFEDE4FD7FE3F5EACB /* Pods_PaymentExampleTests.framework in Frameworks */ = {isa = PBXBuildFile; fileRef = F67190A818ED2EFFFC46FB9B /* Pods_PaymentExampleTests.framework */; };
		71EFDCB391E46DDB60234A21 /* Pods_PaymentExample_PaymentExampleUITests.framework in Frameworks */ = {isa = PBXBuildFile; fileRef = D737275DEFA08876568AFB02 /* Pods_PaymentExample_PaymentExampleUITests.framework */; };
		FDFFA51F6DF96C799ADA5ED0 /* Pods_PaymentExample.framework in Frameworks */ = {isa = PBXBuildFile; fileRef = BAAFDA569EF5651FFCF3A589 /* Pods_PaymentExample.framework */; };
/* End PBXBuildFile section */

/* Begin PBXContainerItemProxy section */
		2786E6CC2A6EDDB2006FB1E3 /* PBXContainerItemProxy */ = {
			isa = PBXContainerItemProxy;
			containerPortal = 2786E6B32A6EDDB1006FB1E3 /* Project object */;
			proxyType = 1;
			remoteGlobalIDString = 2786E6BA2A6EDDB1006FB1E3;
			remoteInfo = PaymentExample;
		};
		2786E6D62A6EDDB2006FB1E3 /* PBXContainerItemProxy */ = {
			isa = PBXContainerItemProxy;
			containerPortal = 2786E6B32A6EDDB1006FB1E3 /* Project object */;
			proxyType = 1;
			remoteGlobalIDString = 2786E6BA2A6EDDB1006FB1E3;
			remoteInfo = PaymentExample;
		};
/* End PBXContainerItemProxy section */

/* Begin PBXFileReference section */
		2786E6BB2A6EDDB1006FB1E3 /* PaymentExample.app */ = {isa = PBXFileReference; explicitFileType = wrapper.application; includeInIndex = 0; path = PaymentExample.app; sourceTree = BUILT_PRODUCTS_DIR; };
		2786E6BE2A6EDDB1006FB1E3 /* PaymentExampleApp.swift */ = {isa = PBXFileReference; lastKnownFileType = sourcecode.swift; path = PaymentExampleApp.swift; sourceTree = "<group>"; };
		2786E6C02A6EDDB1006FB1E3 /* ContentView.swift */ = {isa = PBXFileReference; lastKnownFileType = sourcecode.swift; path = ContentView.swift; sourceTree = "<group>"; };
		2786E6C22A6EDDB2006FB1E3 /* Assets.xcassets */ = {isa = PBXFileReference; lastKnownFileType = folder.assetcatalog; path = Assets.xcassets; sourceTree = "<group>"; };
		2786E6C52A6EDDB2006FB1E3 /* Preview Assets.xcassets */ = {isa = PBXFileReference; lastKnownFileType = folder.assetcatalog; path = "Preview Assets.xcassets"; sourceTree = "<group>"; };
		2786E6CB2A6EDDB2006FB1E3 /* PaymentExampleTests.xctest */ = {isa = PBXFileReference; explicitFileType = wrapper.cfbundle; includeInIndex = 0; path = PaymentExampleTests.xctest; sourceTree = BUILT_PRODUCTS_DIR; };
		2786E6CF2A6EDDB2006FB1E3 /* PaymentExampleTests.swift */ = {isa = PBXFileReference; lastKnownFileType = sourcecode.swift; path = PaymentExampleTests.swift; sourceTree = "<group>"; };
		2786E6D52A6EDDB2006FB1E3 /* PaymentExampleUITests.xctest */ = {isa = PBXFileReference; explicitFileType = wrapper.cfbundle; includeInIndex = 0; path = PaymentExampleUITests.xctest; sourceTree = BUILT_PRODUCTS_DIR; };
		2786E6D92A6EDDB2006FB1E3 /* PaymentExampleUITests.swift */ = {isa = PBXFileReference; lastKnownFileType = sourcecode.swift; path = PaymentExampleUITests.swift; sourceTree = "<group>"; };
		2786E6DB2A6EDDB2006FB1E3 /* PaymentExampleUITestsLaunchTests.swift */ = {isa = PBXFileReference; lastKnownFileType = sourcecode.swift; path = PaymentExampleUITestsLaunchTests.swift; sourceTree = "<group>"; };
		4E4D53134D5447F980107BBA /* Pods-PaymentExampleTests.release.xcconfig */ = {isa = PBXFileReference; includeInIndex = 1; lastKnownFileType = text.xcconfig; name = "Pods-PaymentExampleTests.release.xcconfig"; path = "Target Support Files/Pods-PaymentExampleTests/Pods-PaymentExampleTests.release.xcconfig"; sourceTree = "<group>"; };
		8D902D574A668076B9249459 /* Pods-PaymentExample-PaymentExampleUITests.debug.xcconfig */ = {isa = PBXFileReference; includeInIndex = 1; lastKnownFileType = text.xcconfig; name = "Pods-PaymentExample-PaymentExampleUITests.debug.xcconfig"; path = "Target Support Files/Pods-PaymentExample-PaymentExampleUITests/Pods-PaymentExample-PaymentExampleUITests.debug.xcconfig"; sourceTree = "<group>"; };
		BAAFDA569EF5651FFCF3A589 /* Pods_PaymentExample.framework */ = {isa = PBXFileReference; explicitFileType = wrapper.framework; includeInIndex = 0; path = Pods_PaymentExample.framework; sourceTree = BUILT_PRODUCTS_DIR; };
		C59AF7A6FC3DF40AB1A1D041 /* Pods-PaymentExample.debug.xcconfig */ = {isa = PBXFileReference; includeInIndex = 1; lastKnownFileType = text.xcconfig; name = "Pods-PaymentExample.debug.xcconfig"; path = "Target Support Files/Pods-PaymentExample/Pods-PaymentExample.debug.xcconfig"; sourceTree = "<group>"; };
		D402940C95E7AC91AB997497 /* Pods-PaymentExample-PaymentExampleUITests.release.xcconfig */ = {isa = PBXFileReference; includeInIndex = 1; lastKnownFileType = text.xcconfig; name = "Pods-PaymentExample-PaymentExampleUITests.release.xcconfig"; path = "Target Support Files/Pods-PaymentExample-PaymentExampleUITests/Pods-PaymentExample-PaymentExampleUITests.release.xcconfig"; sourceTree = "<group>"; };
		D737275DEFA08876568AFB02 /* Pods_PaymentExample_PaymentExampleUITests.framework */ = {isa = PBXFileReference; explicitFileType = wrapper.framework; includeInIndex = 0; path = Pods_PaymentExample_PaymentExampleUITests.framework; sourceTree = BUILT_PRODUCTS_DIR; };
		E12F7F25DB8AE58D64F24157 /* Pods-PaymentExample.release.xcconfig */ = {isa = PBXFileReference; includeInIndex = 1; lastKnownFileType = text.xcconfig; name = "Pods-PaymentExample.release.xcconfig"; path = "Target Support Files/Pods-PaymentExample/Pods-PaymentExample.release.xcconfig"; sourceTree = "<group>"; };
		F1CDAA95B22CAA87C4B660BD /* Pods-PaymentExampleTests.debug.xcconfig */ = {isa = PBXFileReference; includeInIndex = 1; lastKnownFileType = text.xcconfig; name = "Pods-PaymentExampleTests.debug.xcconfig"; path = "Target Support Files/Pods-PaymentExampleTests/Pods-PaymentExampleTests.debug.xcconfig"; sourceTree = "<group>"; };
		F67190A818ED2EFFFC46FB9B /* Pods_PaymentExampleTests.framework */ = {isa = PBXFileReference; explicitFileType = wrapper.framework; includeInIndex = 0; path = Pods_PaymentExampleTests.framework; sourceTree = BUILT_PRODUCTS_DIR; };
/* End PBXFileReference section */

/* Begin PBXFrameworksBuildPhase section */
		2786E6B82A6EDDB1006FB1E3 /* Frameworks */ = {
			isa = PBXFrameworksBuildPhase;
			buildActionMask = 2147483647;
			files = (
				FDFFA51F6DF96C799ADA5ED0 /* Pods_PaymentExample.framework in Frameworks */,
			);
			runOnlyForDeploymentPostprocessing = 0;
		};
		2786E6C82A6EDDB2006FB1E3 /* Frameworks */ = {
			isa = PBXFrameworksBuildPhase;
			buildActionMask = 2147483647;
			files = (
				298AA1AFEDE4FD7FE3F5EACB /* Pods_PaymentExampleTests.framework in Frameworks */,
			);
			runOnlyForDeploymentPostprocessing = 0;
		};
		2786E6D22A6EDDB2006FB1E3 /* Frameworks */ = {
			isa = PBXFrameworksBuildPhase;
			buildActionMask = 2147483647;
			files = (
				71EFDCB391E46DDB60234A21 /* Pods_PaymentExample_PaymentExampleUITests.framework in Frameworks */,
			);
			runOnlyForDeploymentPostprocessing = 0;
		};
/* End PBXFrameworksBuildPhase section */

/* Begin PBXGroup section */
		2786E6B22A6EDDB1006FB1E3 = {
			isa = PBXGroup;
			children = (
				2786E6BD2A6EDDB1006FB1E3 /* PaymentExample */,
				2786E6CE2A6EDDB2006FB1E3 /* PaymentExampleTests */,
				2786E6D82A6EDDB2006FB1E3 /* PaymentExampleUITests */,
				2786E6BC2A6EDDB1006FB1E3 /* Products */,
				BF930B7CE6520BF6C9C2412E /* Pods */,
				8EC9489C7EF924BA115B4471 /* Frameworks */,
			);
			sourceTree = "<group>";
		};
		2786E6BC2A6EDDB1006FB1E3 /* Products */ = {
			isa = PBXGroup;
			children = (
				2786E6BB2A6EDDB1006FB1E3 /* PaymentExample.app */,
				2786E6CB2A6EDDB2006FB1E3 /* PaymentExampleTests.xctest */,
				2786E6D52A6EDDB2006FB1E3 /* PaymentExampleUITests.xctest */,
			);
			name = Products;
			sourceTree = "<group>";
		};
		2786E6BD2A6EDDB1006FB1E3 /* PaymentExample */ = {
			isa = PBXGroup;
			children = (
				2786E6BE2A6EDDB1006FB1E3 /* PaymentExampleApp.swift */,
				2786E6C02A6EDDB1006FB1E3 /* ContentView.swift */,
				2786E6C22A6EDDB2006FB1E3 /* Assets.xcassets */,
				2786E6C42A6EDDB2006FB1E3 /* Preview Content */,
			);
			path = PaymentExample;
			sourceTree = "<group>";
		};
		2786E6C42A6EDDB2006FB1E3 /* Preview Content */ = {
			isa = PBXGroup;
			children = (
				2786E6C52A6EDDB2006FB1E3 /* Preview Assets.xcassets */,
			);
			path = "Preview Content";
			sourceTree = "<group>";
		};
		2786E6CE2A6EDDB2006FB1E3 /* PaymentExampleTests */ = {
			isa = PBXGroup;
			children = (
				2786E6CF2A6EDDB2006FB1E3 /* PaymentExampleTests.swift */,
			);
			path = PaymentExampleTests;
			sourceTree = "<group>";
		};
		2786E6D82A6EDDB2006FB1E3 /* PaymentExampleUITests */ = {
			isa = PBXGroup;
			children = (
				2786E6D92A6EDDB2006FB1E3 /* PaymentExampleUITests.swift */,
				2786E6DB2A6EDDB2006FB1E3 /* PaymentExampleUITestsLaunchTests.swift */,
			);
			path = PaymentExampleUITests;
			sourceTree = "<group>";
		};
		8EC9489C7EF924BA115B4471 /* Frameworks */ = {
			isa = PBXGroup;
			children = (
				BAAFDA569EF5651FFCF3A589 /* Pods_PaymentExample.framework */,
				D737275DEFA08876568AFB02 /* Pods_PaymentExample_PaymentExampleUITests.framework */,
				F67190A818ED2EFFFC46FB9B /* Pods_PaymentExampleTests.framework */,
			);
			name = Frameworks;
			sourceTree = "<group>";
		};
		BF930B7CE6520BF6C9C2412E /* Pods */ = {
			isa = PBXGroup;
			children = (
				C59AF7A6FC3DF40AB1A1D041 /* Pods-PaymentExample.debug.xcconfig */,
				E12F7F25DB8AE58D64F24157 /* Pods-PaymentExample.release.xcconfig */,
				8D902D574A668076B9249459 /* Pods-PaymentExample-PaymentExampleUITests.debug.xcconfig */,
				D402940C95E7AC91AB997497 /* Pods-PaymentExample-PaymentExampleUITests.release.xcconfig */,
				F1CDAA95B22CAA87C4B660BD /* Pods-PaymentExampleTests.debug.xcconfig */,
				4E4D53134D5447F980107BBA /* Pods-PaymentExampleTests.release.xcconfig */,
			);
			name = Pods;
			path = Pods;
			sourceTree = "<group>";
		};
/* End PBXGroup section */

/* Begin PBXNativeTarget section */
		2786E6BA2A6EDDB1006FB1E3 /* PaymentExample */ = {
			isa = PBXNativeTarget;
			buildConfigurationList = 2786E6DF2A6EDDB2006FB1E3 /* Build configuration list for PBXNativeTarget "PaymentExample" */;
			buildPhases = (
				FBFB03FDBA4BEB2F4CCE0592 /* [CP] Check Pods Manifest.lock */,
				2786E6B72A6EDDB1006FB1E3 /* Sources */,
				2786E6B82A6EDDB1006FB1E3 /* Frameworks */,
				2786E6B92A6EDDB1006FB1E3 /* Resources */,
				1743C237294A965031A45A17 /* [CP] Embed Pods Frameworks */,
			);
			buildRules = (
			);
			dependencies = (
			);
			name = PaymentExample;
			productName = PaymentExample;
			productReference = 2786E6BB2A6EDDB1006FB1E3 /* PaymentExample.app */;
			productType = "com.apple.product-type.application";
		};
		2786E6CA2A6EDDB2006FB1E3 /* PaymentExampleTests */ = {
			isa = PBXNativeTarget;
			buildConfigurationList = 2786E6E22A6EDDB2006FB1E3 /* Build configuration list for PBXNativeTarget "PaymentExampleTests" */;
			buildPhases = (
				D7254BC7C66BC63BBCE10033 /* [CP] Check Pods Manifest.lock */,
				2786E6C72A6EDDB2006FB1E3 /* Sources */,
				2786E6C82A6EDDB2006FB1E3 /* Frameworks */,
				2786E6C92A6EDDB2006FB1E3 /* Resources */,
			);
			buildRules = (
			);
			dependencies = (
				2786E6CD2A6EDDB2006FB1E3 /* PBXTargetDependency */,
			);
			name = PaymentExampleTests;
			productName = PaymentExampleTests;
			productReference = 2786E6CB2A6EDDB2006FB1E3 /* PaymentExampleTests.xctest */;
			productType = "com.apple.product-type.bundle.unit-test";
		};
		2786E6D42A6EDDB2006FB1E3 /* PaymentExampleUITests */ = {
			isa = PBXNativeTarget;
			buildConfigurationList = 2786E6E52A6EDDB2006FB1E3 /* Build configuration list for PBXNativeTarget "PaymentExampleUITests" */;
			buildPhases = (
				D8A50D9DF5A45F9EB80BECC1 /* [CP] Check Pods Manifest.lock */,
				2786E6D12A6EDDB2006FB1E3 /* Sources */,
				2786E6D22A6EDDB2006FB1E3 /* Frameworks */,
				2786E6D32A6EDDB2006FB1E3 /* Resources */,
				90ECF08EFA1F6521596E599A /* [CP] Embed Pods Frameworks */,
			);
			buildRules = (
			);
			dependencies = (
				2786E6D72A6EDDB2006FB1E3 /* PBXTargetDependency */,
			);
			name = PaymentExampleUITests;
			productName = PaymentExampleUITests;
			productReference = 2786E6D52A6EDDB2006FB1E3 /* PaymentExampleUITests.xctest */;
			productType = "com.apple.product-type.bundle.ui-testing";
		};
/* End PBXNativeTarget section */

/* Begin PBXProject section */
		2786E6B32A6EDDB1006FB1E3 /* Project object */ = {
			isa = PBXProject;
			attributes = {
				BuildIndependentTargetsInParallel = 1;
				LastSwiftUpdateCheck = 1500;
				LastUpgradeCheck = 1500;
				TargetAttributes = {
					2786E6BA2A6EDDB1006FB1E3 = {
						CreatedOnToolsVersion = 15.0;
					};
					2786E6CA2A6EDDB2006FB1E3 = {
						CreatedOnToolsVersion = 15.0;
						TestTargetID = 2786E6BA2A6EDDB1006FB1E3;
					};
					2786E6D42A6EDDB2006FB1E3 = {
						CreatedOnToolsVersion = 15.0;
						TestTargetID = 2786E6BA2A6EDDB1006FB1E3;
					};
				};
			};
			buildConfigurationList = 2786E6B62A6EDDB1006FB1E3 /* Build configuration list for PBXProject "PaymentExample" */;
			compatibilityVersion = "Xcode 14.0";
			developmentRegion = en;
			hasScannedForEncodings = 0;
			knownRegions = (
				en,
				Base,
			);
			mainGroup = 2786E6B22A6EDDB1006FB1E3;
			productRefGroup = 2786E6BC2A6EDDB1006FB1E3 /* Products */;
			projectDirPath = "";
			projectRoot = "";
			targets = (
				2786E6BA2A6EDDB1006FB1E3 /* PaymentExample */,
				2786E6CA2A6EDDB2006FB1E3 /* PaymentExampleTests */,
				2786E6D42A6EDDB2006FB1E3 /* PaymentExampleUITests */,
			);
		};
/* End PBXProject section */

/* Begin PBXResourcesBuildPhase section */
		2786E6B92A6EDDB1006FB1E3 /* Resources */ = {
			isa = PBXResourcesBuildPhase;
			buildActionMask = 2147483647;
			files = (
				2786E6C62A6EDDB2006FB1E3 /* Preview Assets.xcassets in Resources */,
				2786E6C32A6EDDB2006FB1E3 /* Assets.xcassets in Resources */,
			);
			runOnlyForDeploymentPostprocessing = 0;
		};
		2786E6C92A6EDDB2006FB1E3 /* Resources */ = {
			isa = PBXResourcesBuildPhase;
			buildActionMask = 2147483647;
			files = (
			);
			runOnlyForDeploymentPostprocessing = 0;
		};
		2786E6D32A6EDDB2006FB1E3 /* Resources */ = {
			isa = PBXResourcesBuildPhase;
			buildActionMask = 2147483647;
			files = (
			);
			runOnlyForDeploymentPostprocessing = 0;
		};
/* End PBXResourcesBuildPhase section */

/* Begin PBXShellScriptBuildPhase section */
		1743C237294A965031A45A17 /* [CP] Embed Pods Frameworks */ = {
			isa = PBXShellScriptBuildPhase;
			buildActionMask = 2147483647;
			files = (
			);
			inputFileListPaths = (
				"${PODS_ROOT}/Target Support Files/Pods-PaymentExample/Pods-PaymentExample-frameworks-${CONFIGURATION}-input-files.xcfilelist",
			);
			name = "[CP] Embed Pods Frameworks";
			outputFileListPaths = (
				"${PODS_ROOT}/Target Support Files/Pods-PaymentExample/Pods-PaymentExample-frameworks-${CONFIGURATION}-output-files.xcfilelist",
			);
			runOnlyForDeploymentPostprocessing = 0;
			shellPath = /bin/sh;
			shellScript = "\"${PODS_ROOT}/Target Support Files/Pods-PaymentExample/Pods-PaymentExample-frameworks.sh\"\n";
			showEnvVarsInLog = 0;
		};
		90ECF08EFA1F6521596E599A /* [CP] Embed Pods Frameworks */ = {
			isa = PBXShellScriptBuildPhase;
			buildActionMask = 2147483647;
			files = (
			);
			inputFileListPaths = (
				"${PODS_ROOT}/Target Support Files/Pods-PaymentExample-PaymentExampleUITests/Pods-PaymentExample-PaymentExampleUITests-frameworks-${CONFIGURATION}-input-files.xcfilelist",
			);
			name = "[CP] Embed Pods Frameworks";
			outputFileListPaths = (
				"${PODS_ROOT}/Target Support Files/Pods-PaymentExample-PaymentExampleUITests/Pods-PaymentExample-PaymentExampleUITests-frameworks-${CONFIGURATION}-output-files.xcfilelist",
			);
			runOnlyForDeploymentPostprocessing = 0;
			shellPath = /bin/sh;
			shellScript = "\"${PODS_ROOT}/Target Support Files/Pods-PaymentExample-PaymentExampleUITests/Pods-PaymentExample-PaymentExampleUITests-frameworks.sh\"\n";
			showEnvVarsInLog = 0;
		};
		D7254BC7C66BC63BBCE10033 /* [CP] Check Pods Manifest.lock */ = {
			isa = PBXShellScriptBuildPhase;
			buildActionMask = 2147483647;
			files = (
			);
			inputFileListPaths = (
			);
			inputPaths = (
				"${PODS_PODFILE_DIR_PATH}/Podfile.lock",
				"${PODS_ROOT}/Manifest.lock",
			);
			name = "[CP] Check Pods Manifest.lock";
			outputFileListPaths = (
			);
			outputPaths = (
				"$(DERIVED_FILE_DIR)/Pods-PaymentExampleTests-checkManifestLockResult.txt",
			);
			runOnlyForDeploymentPostprocessing = 0;
			shellPath = /bin/sh;
			shellScript = "diff \"${PODS_PODFILE_DIR_PATH}/Podfile.lock\" \"${PODS_ROOT}/Manifest.lock\" > /dev/null\nif [ $? != 0 ] ; then\n    # print error to STDERR\n    echo \"error: The sandbox is not in sync with the Podfile.lock. Run 'pod install' or update your CocoaPods installation.\" >&2\n    exit 1\nfi\n# This output is used by Xcode 'outputs' to avoid re-running this script phase.\necho \"SUCCESS\" > \"${SCRIPT_OUTPUT_FILE_0}\"\n";
			showEnvVarsInLog = 0;
		};
		D8A50D9DF5A45F9EB80BECC1 /* [CP] Check Pods Manifest.lock */ = {
			isa = PBXShellScriptBuildPhase;
			buildActionMask = 2147483647;
			files = (
			);
			inputFileListPaths = (
			);
			inputPaths = (
				"${PODS_PODFILE_DIR_PATH}/Podfile.lock",
				"${PODS_ROOT}/Manifest.lock",
			);
			name = "[CP] Check Pods Manifest.lock";
			outputFileListPaths = (
			);
			outputPaths = (
				"$(DERIVED_FILE_DIR)/Pods-PaymentExample-PaymentExampleUITests-checkManifestLockResult.txt",
			);
			runOnlyForDeploymentPostprocessing = 0;
			shellPath = /bin/sh;
			shellScript = "diff \"${PODS_PODFILE_DIR_PATH}/Podfile.lock\" \"${PODS_ROOT}/Manifest.lock\" > /dev/null\nif [ $? != 0 ] ; then\n    # print error to STDERR\n    echo \"error: The sandbox is not in sync with the Podfile.lock. Run 'pod install' or update your CocoaPods installation.\" >&2\n    exit 1\nfi\n# This output is used by Xcode 'outputs' to avoid re-running this script phase.\necho \"SUCCESS\" > \"${SCRIPT_OUTPUT_FILE_0}\"\n";
			showEnvVarsInLog = 0;
		};
		FBFB03FDBA4BEB2F4CCE0592 /* [CP] Check Pods Manifest.lock */ = {
			isa = PBXShellScriptBuildPhase;
			buildActionMask = 2147483647;
			files = (
			);
			inputFileListPaths = (
			);
			inputPaths = (
				"${PODS_PODFILE_DIR_PATH}/Podfile.lock",
				"${PODS_ROOT}/Manifest.lock",
			);
			name = "[CP] Check Pods Manifest.lock";
			outputFileListPaths = (
			);
			outputPaths = (
				"$(DERIVED_FILE_DIR)/Pods-PaymentExample-checkManifestLockResult.txt",
			);
			runOnlyForDeploymentPostprocessing = 0;
			shellPath = /bin/sh;
			shellScript = "diff \"${PODS_PODFILE_DIR_PATH}/Podfile.lock\" \"${PODS_ROOT}/Manifest.lock\" > /dev/null\nif [ $? != 0 ] ; then\n    # print error to STDERR\n    echo \"error: The sandbox is not in sync with the Podfile.lock. Run 'pod install' or update your CocoaPods installation.\" >&2\n    exit 1\nfi\n# This output is used by Xcode 'outputs' to avoid re-running this script phase.\necho \"SUCCESS\" > \"${SCRIPT_OUTPUT_FILE_0}\"\n";
			showEnvVarsInLog = 0;
		};
/* End PBXShellScriptBuildPhase section */

/* Begin PBXSourcesBuildPhase section */
		2786E6B72A6EDDB1006FB1E3 /* Sources */ = {
			isa = PBXSourcesBuildPhase;
			buildActionMask = 2147483647;
			files = (
				2786E6C12A6EDDB1006FB1E3 /* ContentView.swift in Sources */,
				2786E6BF2A6EDDB1006FB1E3 /* PaymentExampleApp.swift in Sources */,
			);
			runOnlyForDeploymentPostprocessing = 0;
		};
		2786E6C72A6EDDB2006FB1E3 /* Sources */ = {
			isa = PBXSourcesBuildPhase;
			buildActionMask = 2147483647;
			files = (
				2786E6D02A6EDDB2006FB1E3 /* PaymentExampleTests.swift in Sources */,
			);
			runOnlyForDeploymentPostprocessing = 0;
		};
		2786E6D12A6EDDB2006FB1E3 /* Sources */ = {
			isa = PBXSourcesBuildPhase;
			buildActionMask = 2147483647;
			files = (
				2786E6DC2A6EDDB2006FB1E3 /* PaymentExampleUITestsLaunchTests.swift in Sources */,
				2786E6DA2A6EDDB2006FB1E3 /* PaymentExampleUITests.swift in Sources */,
			);
			runOnlyForDeploymentPostprocessing = 0;
		};
/* End PBXSourcesBuildPhase section */

/* Begin PBXTargetDependency section */
		2786E6CD2A6EDDB2006FB1E3 /* PBXTargetDependency */ = {
			isa = PBXTargetDependency;
			target = 2786E6BA2A6EDDB1006FB1E3 /* PaymentExample */;
			targetProxy = 2786E6CC2A6EDDB2006FB1E3 /* PBXContainerItemProxy */;
		};
		2786E6D72A6EDDB2006FB1E3 /* PBXTargetDependency */ = {
			isa = PBXTargetDependency;
			target = 2786E6BA2A6EDDB1006FB1E3 /* PaymentExample */;
			targetProxy = 2786E6D62A6EDDB2006FB1E3 /* PBXContainerItemProxy */;
		};
/* End PBXTargetDependency section */

/* Begin XCBuildConfiguration section */
		2786E6DD2A6EDDB2006FB1E3 /* Debug */ = {
			isa = XCBuildConfiguration;
			buildSettings = {
				ALWAYS_SEARCH_USER_PATHS = NO;
				ASSETCATALOG_COMPILER_GENERATE_SWIFT_ASSET_SYMBOL_EXTENSIONS = YES;
				CLANG_ANALYZER_NONNULL = YES;
				CLANG_ANALYZER_NUMBER_OBJECT_CONVERSION = YES_AGGRESSIVE;
				CLANG_CXX_LANGUAGE_STANDARD = "gnu++20";
				CLANG_ENABLE_MODULES = YES;
				CLANG_ENABLE_OBJC_ARC = YES;
				CLANG_ENABLE_OBJC_WEAK = YES;
				CLANG_WARN_BLOCK_CAPTURE_AUTORELEASING = YES;
				CLANG_WARN_BOOL_CONVERSION = YES;
				CLANG_WARN_COMMA = YES;
				CLANG_WARN_CONSTANT_CONVERSION = YES;
				CLANG_WARN_DEPRECATED_OBJC_IMPLEMENTATIONS = YES;
				CLANG_WARN_DIRECT_OBJC_ISA_USAGE = YES_ERROR;
				CLANG_WARN_DOCUMENTATION_COMMENTS = YES;
				CLANG_WARN_EMPTY_BODY = YES;
				CLANG_WARN_ENUM_CONVERSION = YES;
				CLANG_WARN_INFINITE_RECURSION = YES;
				CLANG_WARN_INT_CONVERSION = YES;
				CLANG_WARN_NON_LITERAL_NULL_CONVERSION = YES;
				CLANG_WARN_OBJC_IMPLICIT_RETAIN_SELF = YES;
				CLANG_WARN_OBJC_LITERAL_CONVERSION = YES;
				CLANG_WARN_OBJC_ROOT_CLASS = YES_ERROR;
				CLANG_WARN_QUOTED_INCLUDE_IN_FRAMEWORK_HEADER = YES;
				CLANG_WARN_RANGE_LOOP_ANALYSIS = YES;
				CLANG_WARN_STRICT_PROTOTYPES = YES;
				CLANG_WARN_SUSPICIOUS_MOVE = YES;
				CLANG_WARN_UNGUARDED_AVAILABILITY = YES_AGGRESSIVE;
				CLANG_WARN_UNREACHABLE_CODE = YES;
				CLANG_WARN__DUPLICATE_METHOD_MATCH = YES;
				COPY_PHASE_STRIP = NO;
				DEBUG_INFORMATION_FORMAT = dwarf;
				ENABLE_STRICT_OBJC_MSGSEND = YES;
				ENABLE_TESTABILITY = YES;
				ENABLE_USER_SCRIPT_SANDBOXING = YES;
				GCC_C_LANGUAGE_STANDARD = gnu17;
				GCC_DYNAMIC_NO_PIC = NO;
				GCC_NO_COMMON_BLOCKS = YES;
				GCC_OPTIMIZATION_LEVEL = 0;
				GCC_PREPROCESSOR_DEFINITIONS = (
					"DEBUG=1",
					"$(inherited)",
				);
				GCC_WARN_64_TO_32_BIT_CONVERSION = YES;
				GCC_WARN_ABOUT_RETURN_TYPE = YES_ERROR;
				GCC_WARN_UNDECLARED_SELECTOR = YES;
				GCC_WARN_UNINITIALIZED_AUTOS = YES_AGGRESSIVE;
				GCC_WARN_UNUSED_FUNCTION = YES;
				GCC_WARN_UNUSED_VARIABLE = YES;
				IPHONEOS_DEPLOYMENT_TARGET = 17.0;
				LOCALIZATION_PREFERS_STRING_CATALOGS = YES;
				MTL_ENABLE_DEBUG_INFO = INCLUDE_SOURCE;
				MTL_FAST_MATH = YES;
				ONLY_ACTIVE_ARCH = YES;
				SDKROOT = iphoneos;
				SWIFT_ACTIVE_COMPILATION_CONDITIONS = "DEBUG $(inherited)";
				SWIFT_OPTIMIZATION_LEVEL = "-Onone";
			};
			name = Debug;
		};
		2786E6DE2A6EDDB2006FB1E3 /* Release */ = {
			isa = XCBuildConfiguration;
			buildSettings = {
				ALWAYS_SEARCH_USER_PATHS = NO;
				ASSETCATALOG_COMPILER_GENERATE_SWIFT_ASSET_SYMBOL_EXTENSIONS = YES;
				CLANG_ANALYZER_NONNULL = YES;
				CLANG_ANALYZER_NUMBER_OBJECT_CONVERSION = YES_AGGRESSIVE;
				CLANG_CXX_LANGUAGE_STANDARD = "gnu++20";
				CLANG_ENABLE_MODULES = YES;
				CLANG_ENABLE_OBJC_ARC = YES;
				CLANG_ENABLE_OBJC_WEAK = YES;
				CLANG_WARN_BLOCK_CAPTURE_AUTORELEASING = YES;
				CLANG_WARN_BOOL_CONVERSION = YES;
				CLANG_WARN_COMMA = YES;
				CLANG_WARN_CONSTANT_CONVERSION = YES;
				CLANG_WARN_DEPRECATED_OBJC_IMPLEMENTATIONS = YES;
				CLANG_WARN_DIRECT_OBJC_ISA_USAGE = YES_ERROR;
				CLANG_WARN_DOCUMENTATION_COMMENTS = YES;
				CLANG_WARN_EMPTY_BODY = YES;
				CLANG_WARN_ENUM_CONVERSION = YES;
				CLANG_WARN_INFINITE_RECURSION = YES;
				CLANG_WARN_INT_CONVERSION = YES;
				CLANG_WARN_NON_LITERAL_NULL_CONVERSION = YES;
				CLANG_WARN_OBJC_IMPLICIT_RETAIN_SELF = YES;
				CLANG_WARN_OBJC_LITERAL_CONVERSION = YES;
				CLANG_WARN_OBJC_ROOT_CLASS = YES_ERROR;
				CLANG_WARN_QUOTED_INCLUDE_IN_FRAMEWORK_HEADER = YES;
				CLANG_WARN_RANGE_LOOP_ANALYSIS = YES;
				CLANG_WARN_STRICT_PROTOTYPES = YES;
				CLANG_WARN_SUSPICIOUS_MOVE = YES;
				CLANG_WARN_UNGUARDED_AVAILABILITY = YES_AGGRESSIVE;
				CLANG_WARN_UNREACHABLE_CODE = YES;
				CLANG_WARN__DUPLICATE_METHOD_MATCH = YES;
				COPY_PHASE_STRIP = NO;
				DEBUG_INFORMATION_FORMAT = "dwarf-with-dsym";
				ENABLE_NS_ASSERTIONS = NO;
				ENABLE_STRICT_OBJC_MSGSEND = YES;
				ENABLE_USER_SCRIPT_SANDBOXING = YES;
				GCC_C_LANGUAGE_STANDARD = gnu17;
				GCC_NO_COMMON_BLOCKS = YES;
				GCC_WARN_64_TO_32_BIT_CONVERSION = YES;
				GCC_WARN_ABOUT_RETURN_TYPE = YES_ERROR;
				GCC_WARN_UNDECLARED_SELECTOR = YES;
				GCC_WARN_UNINITIALIZED_AUTOS = YES_AGGRESSIVE;
				GCC_WARN_UNUSED_FUNCTION = YES;
				GCC_WARN_UNUSED_VARIABLE = YES;
				IPHONEOS_DEPLOYMENT_TARGET = 17.0;
				LOCALIZATION_PREFERS_STRING_CATALOGS = YES;
				MTL_ENABLE_DEBUG_INFO = NO;
				MTL_FAST_MATH = YES;
				SDKROOT = iphoneos;
				SWIFT_COMPILATION_MODE = wholemodule;
				VALIDATE_PRODUCT = YES;
			};
			name = Release;
		};
		2786E6E02A6EDDB2006FB1E3 /* Debug */ = {
			isa = XCBuildConfiguration;
			baseConfigurationReference = C59AF7A6FC3DF40AB1A1D041 /* Pods-PaymentExample.debug.xcconfig */;
			buildSettings = {
				ASSETCATALOG_COMPILER_APPICON_NAME = AppIcon;
				ASSETCATALOG_COMPILER_GLOBAL_ACCENT_COLOR_NAME = AccentColor;
				CODE_SIGN_STYLE = Automatic;
				CURRENT_PROJECT_VERSION = 1;
				DEVELOPMENT_ASSET_PATHS = "\"PaymentExample/Preview Content\"";
				DEVELOPMENT_TEAM = VZDN5QWB56;
				ENABLE_PREVIEWS = YES;
				GENERATE_INFOPLIST_FILE = YES;
				INFOPLIST_KEY_UIApplicationSceneManifest_Generation = YES;
				INFOPLIST_KEY_UIApplicationSupportsIndirectInputEvents = YES;
				INFOPLIST_KEY_UILaunchScreen_Generation = YES;
				INFOPLIST_KEY_UISupportedInterfaceOrientations_iPad = "UIInterfaceOrientationPortrait UIInterfaceOrientationPortraitUpsideDown UIInterfaceOrientationLandscapeLeft UIInterfaceOrientationLandscapeRight";
				INFOPLIST_KEY_UISupportedInterfaceOrientations_iPhone = "UIInterfaceOrientationPortrait UIInterfaceOrientationLandscapeLeft UIInterfaceOrientationLandscapeRight";
				LD_RUNPATH_SEARCH_PATHS = (
					"$(inherited)",
					"@executable_path/Frameworks",
				);
				MARKETING_VERSION = 1.0;
				PRODUCT_BUNDLE_IDENTIFIER = tech.amwal..PaymentExample;
				PRODUCT_NAME = "$(TARGET_NAME)";
				SWIFT_EMIT_LOC_STRINGS = YES;
				SWIFT_VERSION = 5.0;
				TARGETED_DEVICE_FAMILY = "1,2";
			};
			name = Debug;
		};
		2786E6E12A6EDDB2006FB1E3 /* Release */ = {
			isa = XCBuildConfiguration;
			baseConfigurationReference = E12F7F25DB8AE58D64F24157 /* Pods-PaymentExample.release.xcconfig */;
			buildSettings = {
				ASSETCATALOG_COMPILER_APPICON_NAME = AppIcon;
				ASSETCATALOG_COMPILER_GLOBAL_ACCENT_COLOR_NAME = AccentColor;
				CODE_SIGN_STYLE = Automatic;
				CURRENT_PROJECT_VERSION = 1;
				DEVELOPMENT_ASSET_PATHS = "\"PaymentExample/Preview Content\"";
				DEVELOPMENT_TEAM = VZDN5QWB56;
				ENABLE_PREVIEWS = YES;
				GENERATE_INFOPLIST_FILE = YES;
				INFOPLIST_KEY_UIApplicationSceneManifest_Generation = YES;
				INFOPLIST_KEY_UIApplicationSupportsIndirectInputEvents = YES;
				INFOPLIST_KEY_UILaunchScreen_Generation = YES;
				INFOPLIST_KEY_UISupportedInterfaceOrientations_iPad = "UIInterfaceOrientationPortrait UIInterfaceOrientationPortraitUpsideDown UIInterfaceOrientationLandscapeLeft UIInterfaceOrientationLandscapeRight";
				INFOPLIST_KEY_UISupportedInterfaceOrientations_iPhone = "UIInterfaceOrientationPortrait UIInterfaceOrientationLandscapeLeft UIInterfaceOrientationLandscapeRight";
				LD_RUNPATH_SEARCH_PATHS = (
					"$(inherited)",
					"@executable_path/Frameworks",
				);
				MARKETING_VERSION = 1.0;
				PRODUCT_BUNDLE_IDENTIFIER = tech.amwal..PaymentExample;
				PRODUCT_NAME = "$(TARGET_NAME)";
				SWIFT_EMIT_LOC_STRINGS = YES;
				SWIFT_VERSION = 5.0;
				TARGETED_DEVICE_FAMILY = "1,2";
			};
			name = Release;
		};
		2786E6E32A6EDDB2006FB1E3 /* Debug */ = {
			isa = XCBuildConfiguration;
			baseConfigurationReference = F1CDAA95B22CAA87C4B660BD /* Pods-PaymentExampleTests.debug.xcconfig */;
			buildSettings = {
				ALWAYS_EMBED_SWIFT_STANDARD_LIBRARIES = YES;
				BUNDLE_LOADER = "$(TEST_HOST)";
				CODE_SIGN_STYLE = Automatic;
				CURRENT_PROJECT_VERSION = 1;
				DEVELOPMENT_TEAM = VZDN5QWB56;
				GENERATE_INFOPLIST_FILE = YES;
				IPHONEOS_DEPLOYMENT_TARGET = 17.0;
				MARKETING_VERSION = 1.0;
				PRODUCT_BUNDLE_IDENTIFIER = tech.amwal..PaymentExampleTests;
				PRODUCT_NAME = "$(TARGET_NAME)";
				SWIFT_EMIT_LOC_STRINGS = NO;
				SWIFT_VERSION = 5.0;
				TARGETED_DEVICE_FAMILY = "1,2";
				TEST_HOST = "$(BUILT_PRODUCTS_DIR)/PaymentExample.app/$(BUNDLE_EXECUTABLE_FOLDER_PATH)/PaymentExample";
			};
			name = Debug;
		};
		2786E6E42A6EDDB2006FB1E3 /* Release */ = {
			isa = XCBuildConfiguration;
			baseConfigurationReference = 4E4D53134D5447F980107BBA /* Pods-PaymentExampleTests.release.xcconfig */;
			buildSettings = {
				ALWAYS_EMBED_SWIFT_STANDARD_LIBRARIES = YES;
				BUNDLE_LOADER = "$(TEST_HOST)";
				CODE_SIGN_STYLE = Automatic;
				CURRENT_PROJECT_VERSION = 1;
				DEVELOPMENT_TEAM = VZDN5QWB56;
				GENERATE_INFOPLIST_FILE = YES;
				IPHONEOS_DEPLOYMENT_TARGET = 17.0;
				MARKETING_VERSION = 1.0;
				PRODUCT_BUNDLE_IDENTIFIER = tech.amwal..PaymentExampleTests;
				PRODUCT_NAME = "$(TARGET_NAME)";
				SWIFT_EMIT_LOC_STRINGS = NO;
				SWIFT_VERSION = 5.0;
				TARGETED_DEVICE_FAMILY = "1,2";
				TEST_HOST = "$(BUILT_PRODUCTS_DIR)/PaymentExample.app/$(BUNDLE_EXECUTABLE_FOLDER_PATH)/PaymentExample";
			};
			name = Release;
		};
		2786E6E62A6EDDB2006FB1E3 /* Debug */ = {
			isa = XCBuildConfiguration;
			baseConfigurationReference = 8D902D574A668076B9249459 /* Pods-PaymentExample-PaymentExampleUITests.debug.xcconfig */;
			buildSettings = {
				ALWAYS_EMBED_SWIFT_STANDARD_LIBRARIES = YES;
				CODE_SIGN_STYLE = Automatic;
				CURRENT_PROJECT_VERSION = 1;
				DEVELOPMENT_TEAM = VZDN5QWB56;
				GENERATE_INFOPLIST_FILE = YES;
				MARKETING_VERSION = 1.0;
				PRODUCT_BUNDLE_IDENTIFIER = tech.amwal..PaymentExampleUITests;
				PRODUCT_NAME = "$(TARGET_NAME)";
				SWIFT_EMIT_LOC_STRINGS = NO;
				SWIFT_VERSION = 5.0;
				TARGETED_DEVICE_FAMILY = "1,2";
				TEST_TARGET_NAME = PaymentExample;
			};
			name = Debug;
		};
		2786E6E72A6EDDB2006FB1E3 /* Release */ = {
			isa = XCBuildConfiguration;
			baseConfigurationReference = D402940C95E7AC91AB997497 /* Pods-PaymentExample-PaymentExampleUITests.release.xcconfig */;
			buildSettings = {
				ALWAYS_EMBED_SWIFT_STANDARD_LIBRARIES = YES;
				CODE_SIGN_STYLE = Automatic;
				CURRENT_PROJECT_VERSION = 1;
				DEVELOPMENT_TEAM = VZDN5QWB56;
				GENERATE_INFOPLIST_FILE = YES;
				MARKETING_VERSION = 1.0;
				PRODUCT_BUNDLE_IDENTIFIER = tech.amwal..PaymentExampleUITests;
				PRODUCT_NAME = "$(TARGET_NAME)";
				SWIFT_EMIT_LOC_STRINGS = NO;
				SWIFT_VERSION = 5.0;
				TARGETED_DEVICE_FAMILY = "1,2";
				TEST_TARGET_NAME = PaymentExample;
			};
			name = Release;
		};
/* End XCBuildConfiguration section */

/* Begin XCConfigurationList section */
		2786E6B62A6EDDB1006FB1E3 /* Build configuration list for PBXProject "PaymentExample" */ = {
			isa = XCConfigurationList;
			buildConfigurations = (
				2786E6DD2A6EDDB2006FB1E3 /* Debug */,
				2786E6DE2A6EDDB2006FB1E3 /* Release */,
			);
			defaultConfigurationIsVisible = 0;
			defaultConfigurationName = Release;
		};
		2786E6DF2A6EDDB2006FB1E3 /* Build configuration list for PBXNativeTarget "PaymentExample" */ = {
			isa = XCConfigurationList;
			buildConfigurations = (
				2786E6E02A6EDDB2006FB1E3 /* Debug */,
				2786E6E12A6EDDB2006FB1E3 /* Release */,
			);
			defaultConfigurationIsVisible = 0;
			defaultConfigurationName = Release;
		};
		2786E6E22A6EDDB2006FB1E3 /* Build configuration list for PBXNativeTarget "PaymentExampleTests" */ = {
			isa = XCConfigurationList;
			buildConfigurations = (
				2786E6E32A6EDDB2006FB1E3 /* Debug */,
				2786E6E42A6EDDB2006FB1E3 /* Release */,
			);
			defaultConfigurationIsVisible = 0;
			defaultConfigurationName = Release;
		};
		2786E6E52A6EDDB2006FB1E3 /* Build configuration list for PBXNativeTarget "PaymentExampleUITests" */ = {
			isa = XCConfigurationList;
			buildConfigurations = (
				2786E6E62A6EDDB2006FB1E3 /* Debug */,
				2786E6E72A6EDDB2006FB1E3 /* Release */,
			);
			defaultConfigurationIsVisible = 0;
			defaultConfigurationName = Release;
		};
/* End XCConfigurationList section */
	};
	rootObject = 2786E6B32A6EDDB1006FB1E3 /* Project object */;
}
