// !$*UTF8*$!
{
	archiveVersion = 1;
	classes = {
	};
	objectVersion = 56;
	objects = {

/* Begin PBXBuildFile section */
		1E17A7FA2A88E8CB00C9BB82 /* AmwalPaymentExampleUITests.swift in Sources */ = {isa = PBXBuildFile; fileRef = 1E17A7F92A88E8CB00C9BB82 /* AmwalPaymentExampleUITests.swift */; };
		1E17A8032A88E8DC00C9BB82 /* SnapshotHelper.swift in Sources */ = {isa = PBXBuildFile; fileRef = 1E17A8022A88E8DC00C9BB82 /* SnapshotHelper.swift */; };
		1E2DD1842AA0952F003A839A /* AppDelegate.swift in Sources */ = {isa = PBXBuildFile; fileRef = 1E2DD1832AA0952F003A839A /* AppDelegate.swift */; };
		1E2DD1862AA0953F003A839A /* SceneDelegate.swift in Sources */ = {isa = PBXBuildFile; fileRef = 1E2DD1852AA0953F003A839A /* SceneDelegate.swift */; };
		1E7EAB6F2A1F82220050AA52 /* AmwalPaymentExampleApp.swift in Sources */ = {isa = PBXBuildFile; fileRef = 1E7EAB6E2A1F82220050AA52 /* AmwalPaymentExampleApp.swift */; };
		1E7EAB712A1F82220050AA52 /* ContentView.swift in Sources */ = {isa = PBXBuildFile; fileRef = 1E7EAB702A1F82220050AA52 /* ContentView.swift */; };
		1E7EAB732A1F82230050AA52 /* Assets.xcassets in Resources */ = {isa = PBXBuildFile; fileRef = 1E7EAB722A1F82230050AA52 /* Assets.xcassets */; };
		1E7EAB762A1F82230050AA52 /* Preview Assets.xcassets in Resources */ = {isa = PBXBuildFile; fileRef = 1E7EAB752A1F82230050AA52 /* Preview Assets.xcassets */; };
		1E9D5CE92AA9CCFE0080E114 /* LaunchScreen.storyboard in Resources */ = {isa = PBXBuildFile; fileRef = 1E9D5CE82AA9CCFE0080E114 /* LaunchScreen.storyboard */; };
		1E9D5CEB2AA9CDF80080E114 /* 1024x1024bb.png in Resources */ = {isa = PBXBuildFile; fileRef = 1E9D5CEA2AA9CDF80080E114 /* 1024x1024bb.png */; };
		1EB2D4952B00F8EF00940DD6 /* netfox in Frameworks */ = {isa = PBXBuildFile; productRef = 1EB2D4942B00F8EF00940DD6 /* netfox */; };
		1EC817AF2AC96C3900707F67 /* PayWithAmwal.swift in Sources */ = {isa = PBXBuildFile; fileRef = 1EC817AE2AC96C3900707F67 /* PayWithAmwal.swift */; };
		93193A85A035F6676366C872 /* Pods_AmwalPaymentExample.framework in Frameworks */ = {isa = PBXBuildFile; fileRef = 1AAC37C576A9799CD68C5373 /* Pods_AmwalPaymentExample.framework */; };
/* End PBXBuildFile section */

/* Begin PBXContainerItemProxy section */
		1E17A7FD2A88E8CB00C9BB82 /* PBXContainerItemProxy */ = {
			isa = PBXContainerItemProxy;
			containerPortal = 1E7EAB632A1F82220050AA52 /* Project object */;
			proxyType = 1;
			remoteGlobalIDString = 1E7EAB6A2A1F82220050AA52;
			remoteInfo = AmwalPaymentExample;
		};
/* End PBXContainerItemProxy section */

/* Begin PBXCopyFilesBuildPhase section */
		1E0300612A934C2200DDBA1A /* Embed Frameworks */ = {
			isa = PBXCopyFilesBuildPhase;
			buildActionMask = 2147483647;
			dstPath = "";
			dstSubfolderSpec = 10;
			files = (
			);
			name = "Embed Frameworks";
			runOnlyForDeploymentPostprocessing = 0;
		};
/* End PBXCopyFilesBuildPhase section */

/* Begin PBXFileReference section */
		1AAC37C576A9799CD68C5373 /* Pods_AmwalPaymentExample.framework */ = {isa = PBXFileReference; explicitFileType = wrapper.framework; includeInIndex = 0; path = Pods_AmwalPaymentExample.framework; sourceTree = BUILT_PRODUCTS_DIR; };
		1E17A7F72A88E8CB00C9BB82 /* AmwalPaymentExampleUITests.xctest */ = {isa = PBXFileReference; explicitFileType = wrapper.cfbundle; includeInIndex = 0; path = AmwalPaymentExampleUITests.xctest; sourceTree = BUILT_PRODUCTS_DIR; };
		1E17A7F92A88E8CB00C9BB82 /* AmwalPaymentExampleUITests.swift */ = {isa = PBXFileReference; lastKnownFileType = sourcecode.swift; path = AmwalPaymentExampleUITests.swift; sourceTree = "<group>"; };
		1E17A8022A88E8DC00C9BB82 /* SnapshotHelper.swift */ = {isa = PBXFileReference; fileEncoding = 4; lastKnownFileType = sourcecode.swift; path = SnapshotHelper.swift; sourceTree = "<group>"; };
		1E2DD1832AA0952F003A839A /* AppDelegate.swift */ = {isa = PBXFileReference; lastKnownFileType = sourcecode.swift; path = AppDelegate.swift; sourceTree = "<group>"; };
		1E2DD1852AA0953F003A839A /* SceneDelegate.swift */ = {isa = PBXFileReference; lastKnownFileType = sourcecode.swift; path = SceneDelegate.swift; sourceTree = "<group>"; };
		1E2ED41A2A447B4200E7376E /* applePay.entitlements */ = {isa = PBXFileReference; fileEncoding = 4; lastKnownFileType = text.plist.entitlements; path = applePay.entitlements; sourceTree = "<group>"; };
		1E7EAB6B2A1F82220050AA52 /* AmwalPaymentExample.app */ = {isa = PBXFileReference; explicitFileType = wrapper.application; includeInIndex = 0; path = AmwalPaymentExample.app; sourceTree = BUILT_PRODUCTS_DIR; };
		1E7EAB6E2A1F82220050AA52 /* AmwalPaymentExampleApp.swift */ = {isa = PBXFileReference; lastKnownFileType = sourcecode.swift; path = AmwalPaymentExampleApp.swift; sourceTree = "<group>"; };
		1E7EAB702A1F82220050AA52 /* ContentView.swift */ = {isa = PBXFileReference; lastKnownFileType = sourcecode.swift; path = ContentView.swift; sourceTree = "<group>"; };
		1E7EAB722A1F82230050AA52 /* Assets.xcassets */ = {isa = PBXFileReference; lastKnownFileType = folder.assetcatalog; path = Assets.xcassets; sourceTree = "<group>"; };
		1E7EAB752A1F82230050AA52 /* Preview Assets.xcassets */ = {isa = PBXFileReference; lastKnownFileType = folder.assetcatalog; path = "Preview Assets.xcassets"; sourceTree = "<group>"; };
		1E9D5CE82AA9CCFE0080E114 /* LaunchScreen.storyboard */ = {isa = PBXFileReference; lastKnownFileType = file.storyboard; path = LaunchScreen.storyboard; sourceTree = "<group>"; };
		1E9D5CEA2AA9CDF80080E114 /* 1024x1024bb.png */ = {isa = PBXFileReference; lastKnownFileType = image.png; name = 1024x1024bb.png; path = Assets.xcassets/Logo.imageset/1024x1024bb.png; sourceTree = "<group>"; };
		1EA8C91D2A5D9681001E19E4 /* AmwalPaymentExample.entitlements */ = {isa = PBXFileReference; lastKnownFileType = text.plist.entitlements; path = AmwalPaymentExample.entitlements; sourceTree = "<group>"; };
		1EC817AE2AC96C3900707F67 /* PayWithAmwal.swift */ = {isa = PBXFileReference; lastKnownFileType = sourcecode.swift; path = PayWithAmwal.swift; sourceTree = "<group>"; };
		1EF538B52A2627E300840CD3 /* Info.plist */ = {isa = PBXFileReference; lastKnownFileType = text.plist; path = Info.plist; sourceTree = "<group>"; };
		2EA33E9E9D9AA3BE24A8DC0B /* Pods-AmwalPaymentExample.debug.xcconfig */ = {isa = PBXFileReference; includeInIndex = 1; lastKnownFileType = text.xcconfig; name = "Pods-AmwalPaymentExample.debug.xcconfig"; path = "Target Support Files/Pods-AmwalPaymentExample/Pods-AmwalPaymentExample.debug.xcconfig"; sourceTree = "<group>"; };
		D7CE8463E58693D432C6C148 /* Pods-AmwalPaymentExample.release.xcconfig */ = {isa = PBXFileReference; includeInIndex = 1; lastKnownFileType = text.xcconfig; name = "Pods-AmwalPaymentExample.release.xcconfig"; path = "Target Support Files/Pods-AmwalPaymentExample/Pods-AmwalPaymentExample.release.xcconfig"; sourceTree = "<group>"; };
/* End PBXFileReference section */

/* Begin PBXFrameworksBuildPhase section */
		1E17A7F42A88E8CB00C9BB82 /* Frameworks */ = {
			isa = PBXFrameworksBuildPhase;
			buildActionMask = 2147483647;
			files = (
			);
			runOnlyForDeploymentPostprocessing = 0;
		};
		1E7EAB682A1F82220050AA52 /* Frameworks */ = {
			isa = PBXFrameworksBuildPhase;
			buildActionMask = 2147483647;
			files = (
				1EB2D4952B00F8EF00940DD6 /* netfox in Frameworks */,
				93193A85A035F6676366C872 /* Pods_AmwalPaymentExample.framework in Frameworks */,
			);
			runOnlyForDeploymentPostprocessing = 0;
		};
/* End PBXFrameworksBuildPhase section */

/* Begin PBXGroup section */
		1E17A7F82A88E8CB00C9BB82 /* AmwalPaymentExampleUITests */ = {
			isa = PBXGroup;
			children = (
				1E17A7F92A88E8CB00C9BB82 /* AmwalPaymentExampleUITests.swift */,
				1E17A8022A88E8DC00C9BB82 /* SnapshotHelper.swift */,
			);
			path = AmwalPaymentExampleUITests;
			sourceTree = "<group>";
		};
		1E7EAB622A1F82220050AA52 = {
			isa = PBXGroup;
			children = (
				1E7EAB6D2A1F82220050AA52 /* AmwalPaymentExample */,
				1E17A7F82A88E8CB00C9BB82 /* AmwalPaymentExampleUITests */,
				1E7EAB6C2A1F82220050AA52 /* Products */,
				1EBAB7AF2A24D99400C5EA9A /* Frameworks */,
				FA51862548BCB3203AEEBB64 /* Pods */,
			);
			sourceTree = "<group>";
			usesTabs = 0;
		};
		1E7EAB6C2A1F82220050AA52 /* Products */ = {
			isa = PBXGroup;
			children = (
				1E7EAB6B2A1F82220050AA52 /* AmwalPaymentExample.app */,
				1E17A7F72A88E8CB00C9BB82 /* AmwalPaymentExampleUITests.xctest */,
			);
			name = Products;
			sourceTree = "<group>";
		};
		1E7EAB6D2A1F82220050AA52 /* AmwalPaymentExample */ = {
			isa = PBXGroup;
			children = (
				1E2DD1852AA0953F003A839A /* SceneDelegate.swift */,
				1E2DD1832AA0952F003A839A /* AppDelegate.swift */,
				1EA8C91D2A5D9681001E19E4 /* AmwalPaymentExample.entitlements */,
				1E2ED41A2A447B4200E7376E /* applePay.entitlements */,
				1EF538B52A2627E300840CD3 /* Info.plist */,
				1E9D5CEA2AA9CDF80080E114 /* 1024x1024bb.png */,
				1E9D5CE82AA9CCFE0080E114 /* LaunchScreen.storyboard */,
				1E7EAB6E2A1F82220050AA52 /* AmwalPaymentExampleApp.swift */,
				1E7EAB702A1F82220050AA52 /* ContentView.swift */,
				1E7EAB722A1F82230050AA52 /* Assets.xcassets */,
				1E7EAB742A1F82230050AA52 /* Preview Content */,
				1EC817AE2AC96C3900707F67 /* PayWithAmwal.swift */,
			);
			path = AmwalPaymentExample;
			sourceTree = "<group>";
		};
		1E7EAB742A1F82230050AA52 /* Preview Content */ = {
			isa = PBXGroup;
			children = (
				1E7EAB752A1F82230050AA52 /* Preview Assets.xcassets */,
			);
			path = "Preview Content";
			sourceTree = "<group>";
		};
		1EBAB7AF2A24D99400C5EA9A /* Frameworks */ = {
			isa = PBXGroup;
			children = (
				1AAC37C576A9799CD68C5373 /* Pods_AmwalPaymentExample.framework */,
			);
			name = Frameworks;
			sourceTree = "<group>";
		};
		FA51862548BCB3203AEEBB64 /* Pods */ = {
			isa = PBXGroup;
			children = (
				2EA33E9E9D9AA3BE24A8DC0B /* Pods-AmwalPaymentExample.debug.xcconfig */,
				D7CE8463E58693D432C6C148 /* Pods-AmwalPaymentExample.release.xcconfig */,
			);
			path = Pods;
			sourceTree = "<group>";
		};
/* End PBXGroup section */

/* Begin PBXNativeTarget section */
		1E17A7F62A88E8CB00C9BB82 /* AmwalPaymentExampleUITests */ = {
			isa = PBXNativeTarget;
			buildConfigurationList = 1E17A8012A88E8CB00C9BB82 /* Build configuration list for PBXNativeTarget "AmwalPaymentExampleUITests" */;
			buildPhases = (
				1E17A7F32A88E8CB00C9BB82 /* Sources */,
				1E17A7F42A88E8CB00C9BB82 /* Frameworks */,
				1E17A7F52A88E8CB00C9BB82 /* Resources */,
			);
			buildRules = (
			);
			dependencies = (
				1E17A7FE2A88E8CB00C9BB82 /* PBXTargetDependency */,
			);
			name = AmwalPaymentExampleUITests;
			productName = AmwalPaymentExampleUITests;
			productReference = 1E17A7F72A88E8CB00C9BB82 /* AmwalPaymentExampleUITests.xctest */;
			productType = "com.apple.product-type.bundle.ui-testing";
		};
		1E7EAB6A2A1F82220050AA52 /* AmwalPaymentExample */ = {
			isa = PBXNativeTarget;
			buildConfigurationList = 1E7EAB8F2A1F82230050AA52 /* Build configuration list for PBXNativeTarget "AmwalPaymentExample" */;
			buildPhases = (
				9401CE25C5C2B576BCA290C2 /* [CP] Check Pods Manifest.lock */,
				1E7EAB672A1F82220050AA52 /* Sources */,
				1E7EAB682A1F82220050AA52 /* Frameworks */,
				1E7EAB692A1F82220050AA52 /* Resources */,
				1E8CB5B32A92A805006B8178 /* Run Script */,
				1E0300612A934C2200DDBA1A /* Embed Frameworks */,
				CB26CE4127E63BB1775A79A8 /* [CP] Embed Pods Frameworks */,
			);
			buildRules = (
			);
			dependencies = (
			);
			name = AmwalPaymentExample;
			packageProductDependencies = (
				1EB2D4942B00F8EF00940DD6 /* netfox */,
			);
			productName = AmwalPaymentExample;
			productReference = 1E7EAB6B2A1F82220050AA52 /* AmwalPaymentExample.app */;
			productType = "com.apple.product-type.application";
		};
/* End PBXNativeTarget section */

/* Begin PBXProject section */
		1E7EAB632A1F82220050AA52 /* Project object */ = {
			isa = PBXProject;
			attributes = {
				BuildIndependentTargetsInParallel = 1;
				LastSwiftUpdateCheck = 1430;
				LastUpgradeCheck = 1430;
				TargetAttributes = {
					1E17A7F62A88E8CB00C9BB82 = {
						CreatedOnToolsVersion = 14.3;
						TestTargetID = 1E7EAB6A2A1F82220050AA52;
					};
					1E7EAB6A2A1F82220050AA52 = {
						CreatedOnToolsVersion = 14.3;
					};
				};
			};
			buildConfigurationList = 1E7EAB662A1F82220050AA52 /* Build configuration list for PBXProject "AmwalPaymentExample" */;
			compatibilityVersion = "Xcode 14.0";
			developmentRegion = en;
			hasScannedForEncodings = 0;
			knownRegions = (
				en,
				Base,
			);
			mainGroup = 1E7EAB622A1F82220050AA52;
			packageReferences = (
				1EB2D4932B00F8EF00940DD6 /* XCRemoteSwiftPackageReference "netfox" */,
			);
			productRefGroup = 1E7EAB6C2A1F82220050AA52 /* Products */;
			projectDirPath = "";
			projectRoot = "";
			targets = (
				1E7EAB6A2A1F82220050AA52 /* AmwalPaymentExample */,
				1E17A7F62A88E8CB00C9BB82 /* AmwalPaymentExampleUITests */,
			);
		};
/* End PBXProject section */

/* Begin PBXResourcesBuildPhase section */
		1E17A7F52A88E8CB00C9BB82 /* Resources */ = {
			isa = PBXResourcesBuildPhase;
			buildActionMask = 2147483647;
			files = (
			);
			runOnlyForDeploymentPostprocessing = 0;
		};
		1E7EAB692A1F82220050AA52 /* Resources */ = {
			isa = PBXResourcesBuildPhase;
			buildActionMask = 2147483647;
			files = (
				1E9D5CEB2AA9CDF80080E114 /* 1024x1024bb.png in Resources */,
				1E7EAB762A1F82230050AA52 /* Preview Assets.xcassets in Resources */,
				1E7EAB732A1F82230050AA52 /* Assets.xcassets in Resources */,
				1E9D5CE92AA9CCFE0080E114 /* LaunchScreen.storyboard in Resources */,
			);
			runOnlyForDeploymentPostprocessing = 0;
		};
/* End PBXResourcesBuildPhase section */

/* Begin PBXShellScriptBuildPhase section */
		1E8CB5B32A92A805006B8178 /* Run Script */ = {
			isa = PBXShellScriptBuildPhase;
			buildActionMask = 2147483647;
			files = (
			);
			inputFileListPaths = (
			);
			inputPaths = (
			);
			name = "Run Script";
			outputFileListPaths = (
			);
			outputPaths = (
			);
			runOnlyForDeploymentPostprocessing = 0;
			shellPath = /bin/sh;
			shellScript = "
";
		};
		9401CE25C5C2B576BCA290C2 /* [CP] Check Pods Manifest.lock */ = {
			isa = PBXShellScriptBuildPhase;
			buildActionMask = 2147483647;
			files = (
			);
			inputFileListPaths = (
			);
			inputPaths = (
				"${PODS_PODFILE_DIR_PATH}/Podfile.lock",
				"${PODS_ROOT}/Manifest.lock",
			);
			name = "[CP] Check Pods Manifest.lock";
			outputFileListPaths = (
			);
			outputPaths = (
				"$(DERIVED_FILE_DIR)/Pods-AmwalPaymentExample-checkManifestLockResult.txt",
			);
			runOnlyForDeploymentPostprocessing = 0;
			shellPath = /bin/sh;
			shellScript = "diff \"${PODS_PODFILE_DIR_PATH}/Podfile.lock\" \"${PODS_ROOT}/Manifest.lock\" > /dev/null\nif [ $? != 0 ] ; then\n    # print error to STDERR\n    echo \"error: The sandbox is not in sync with the Podfile.lock. Run 'pod install' or update your CocoaPods installation.\" >&2\n    exit 1\nfi\n# This output is used by Xcode 'outputs' to avoid re-running this script phase.\necho \"SUCCESS\" > \"${SCRIPT_OUTPUT_FILE_0}\"\n";
			showEnvVarsInLog = 0;
		};
		CB26CE4127E63BB1775A79A8 /* [CP] Embed Pods Frameworks */ = {
			isa = PBXShellScriptBuildPhase;
			buildActionMask = 2147483647;
			files = (
			);
			inputFileListPaths = (
				"${PODS_ROOT}/Target Support Files/Pods-AmwalPaymentExample/Pods-AmwalPaymentExample-frameworks-${CONFIGURATION}-input-files.xcfilelist",
			);
			name = "[CP] Embed Pods Frameworks";
			outputFileListPaths = (
				"${PODS_ROOT}/Target Support Files/Pods-AmwalPaymentExample/Pods-AmwalPaymentExample-frameworks-${CONFIGURATION}-output-files.xcfilelist",
			);
			runOnlyForDeploymentPostprocessing = 0;
			shellPath = /bin/sh;
			shellScript = "\"${PODS_ROOT}/Target Support Files/Pods-AmwalPaymentExample/Pods-AmwalPaymentExample-frameworks.sh\"\n";
			showEnvVarsInLog = 0;
		};
/* End PBXShellScriptBuildPhase section */

/* Begin PBXSourcesBuildPhase section */
		1E17A7F32A88E8CB00C9BB82 /* Sources */ = {
			isa = PBXSourcesBuildPhase;
			buildActionMask = 2147483647;
			files = (
				1E17A7FA2A88E8CB00C9BB82 /* AmwalPaymentExampleUITests.swift in Sources */,
				1E17A8032A88E8DC00C9BB82 /* SnapshotHelper.swift in Sources */,
			);
			runOnlyForDeploymentPostprocessing = 0;
		};
		1E7EAB672A1F82220050AA52 /* Sources */ = {
			isa = PBXSourcesBuildPhase;
			buildActionMask = 2147483647;
			files = (
				1E2DD1842AA0952F003A839A /* AppDelegate.swift in Sources */,
				1E7EAB712A1F82220050AA52 /* ContentView.swift in Sources */,
				1E7EAB6F2A1F82220050AA52 /* AmwalPaymentExampleApp.swift in Sources */,
				1E2DD1862AA0953F003A839A /* SceneDelegate.swift in Sources */,
				1EC817AF2AC96C3900707F67 /* PayWithAmwal.swift in Sources */,
			);
			runOnlyForDeploymentPostprocessing = 0;
		};
/* End PBXSourcesBuildPhase section */

/* Begin PBXTargetDependency section */
		1E17A7FE2A88E8CB00C9BB82 /* PBXTargetDependency */ = {
			isa = PBXTargetDependency;
			target = 1E7EAB6A2A1F82220050AA52 /* AmwalPaymentExample */;
			targetProxy = 1E17A7FD2A88E8CB00C9BB82 /* PBXContainerItemProxy */;
		};
/* End PBXTargetDependency section */

/* Begin XCBuildConfiguration section */
		1E17A7FF2A88E8CB00C9BB82 /* Debug */ = {
			isa = XCBuildConfiguration;
			buildSettings = {
				CODE_SIGN_STYLE = Automatic;
				CURRENT_PROJECT_VERSION = 1;
				DEVELOPMENT_TEAM = UGHK5KXT86;
				GENERATE_INFOPLIST_FILE = YES;
				MARKETING_VERSION = 1.0;
				PRODUCT_BUNDLE_IDENTIFIER = com.fares..AmwalPaymentExampleUITests;
				PRODUCT_NAME = "$(TARGET_NAME)";
				SWIFT_EMIT_LOC_STRINGS = NO;
				SWIFT_VERSION = 5.0;
				TARGETED_DEVICE_FAMILY = "1,2";
				TEST_TARGET_NAME = AmwalPaymentExample;
			};
			name = Debug;
		};
		1E17A8002A88E8CB00C9BB82 /* Release */ = {
			isa = XCBuildConfiguration;
			buildSettings = {
				CODE_SIGN_STYLE = Automatic;
				CURRENT_PROJECT_VERSION = 1;
				DEVELOPMENT_TEAM = UGHK5KXT86;
				GENERATE_INFOPLIST_FILE = YES;
				MARKETING_VERSION = 1.0;
				PRODUCT_BUNDLE_IDENTIFIER = com.fares..AmwalPaymentExampleUITests;
				PRODUCT_NAME = "$(TARGET_NAME)";
				SWIFT_EMIT_LOC_STRINGS = NO;
				SWIFT_VERSION = 5.0;
				TARGETED_DEVICE_FAMILY = "1,2";
				TEST_TARGET_NAME = AmwalPaymentExample;
			};
			name = Release;
		};
		1E7EAB8D2A1F82230050AA52 /* Debug */ = {
			isa = XCBuildConfiguration;
			buildSettings = {
				ALWAYS_SEARCH_USER_PATHS = NO;
				CLANG_ANALYZER_NONNULL = YES;
				CLANG_ANALYZER_NUMBER_OBJECT_CONVERSION = YES_AGGRESSIVE;
				CLANG_CXX_LANGUAGE_STANDARD = "gnu++20";
				CLANG_ENABLE_MODULES = YES;
				CLANG_ENABLE_OBJC_ARC = YES;
				CLANG_ENABLE_OBJC_WEAK = YES;
				CLANG_WARN_BLOCK_CAPTURE_AUTORELEASING = YES;
				CLANG_WARN_BOOL_CONVERSION = YES;
				CLANG_WARN_COMMA = YES;
				CLANG_WARN_CONSTANT_CONVERSION = YES;
				CLANG_WARN_DEPRECATED_OBJC_IMPLEMENTATIONS = YES;
				CLANG_WARN_DIRECT_OBJC_ISA_USAGE = YES_ERROR;
				CLANG_WARN_DOCUMENTATION_COMMENTS = YES;
				CLANG_WARN_EMPTY_BODY = YES;
				CLANG_WARN_ENUM_CONVERSION = YES;
				CLANG_WARN_INFINITE_RECURSION = YES;
				CLANG_WARN_INT_CONVERSION = YES;
				CLANG_WARN_NON_LITERAL_NULL_CONVERSION = YES;
				CLANG_WARN_OBJC_IMPLICIT_RETAIN_SELF = YES;
				CLANG_WARN_OBJC_LITERAL_CONVERSION = YES;
				CLANG_WARN_OBJC_ROOT_CLASS = YES_ERROR;
				CLANG_WARN_QUOTED_INCLUDE_IN_FRAMEWORK_HEADER = YES;
				CLANG_WARN_RANGE_LOOP_ANALYSIS = YES;
				CLANG_WARN_STRICT_PROTOTYPES = YES;
				CLANG_WARN_SUSPICIOUS_MOVE = YES;
				CLANG_WARN_UNGUARDED_AVAILABILITY = YES_AGGRESSIVE;
				CLANG_WARN_UNREACHABLE_CODE = YES;
				CLANG_WARN__DUPLICATE_METHOD_MATCH = YES;
				COPY_PHASE_STRIP = NO;
				DEBUG_INFORMATION_FORMAT = dwarf;
				ENABLE_STRICT_OBJC_MSGSEND = YES;
				ENABLE_TESTABILITY = YES;
				GCC_C_LANGUAGE_STANDARD = gnu11;
				GCC_DYNAMIC_NO_PIC = NO;
				GCC_NO_COMMON_BLOCKS = YES;
				GCC_OPTIMIZATION_LEVEL = 0;
				GCC_PREPROCESSOR_DEFINITIONS = (
					"DEBUG=1",
					"$(inherited)",
				);
				GCC_WARN_64_TO_32_BIT_CONVERSION = YES;
				GCC_WARN_ABOUT_RETURN_TYPE = YES_ERROR;
				GCC_WARN_UNDECLARED_SELECTOR = YES;
				GCC_WARN_UNINITIALIZED_AUTOS = YES_AGGRESSIVE;
				GCC_WARN_UNUSED_FUNCTION = YES;
				GCC_WARN_UNUSED_VARIABLE = YES;
				IPHONEOS_DEPLOYMENT_TARGET = 13.0;
				MTL_ENABLE_DEBUG_INFO = INCLUDE_SOURCE;
				MTL_FAST_MATH = YES;
				ONLY_ACTIVE_ARCH = YES;
				SDKROOT = iphoneos;
				SWIFT_ACTIVE_COMPILATION_CONDITIONS = DEBUG;
				SWIFT_OPTIMIZATION_LEVEL = "-Onone";
			};
			name = Debug;
		};
		1E7EAB8E2A1F82230050AA52 /* Release */ = {
			isa = XCBuildConfiguration;
			buildSettings = {
				ALWAYS_SEARCH_USER_PATHS = NO;
				CLANG_ANALYZER_NONNULL = YES;
				CLANG_ANALYZER_NUMBER_OBJECT_CONVERSION = YES_AGGRESSIVE;
				CLANG_CXX_LANGUAGE_STANDARD = "gnu++20";
				CLANG_ENABLE_MODULES = YES;
				CLANG_ENABLE_OBJC_ARC = YES;
				CLANG_ENABLE_OBJC_WEAK = YES;
				CLANG_WARN_BLOCK_CAPTURE_AUTORELEASING = YES;
				CLANG_WARN_BOOL_CONVERSION = YES;
				CLANG_WARN_COMMA = YES;
				CLANG_WARN_CONSTANT_CONVERSION = YES;
				CLANG_WARN_DEPRECATED_OBJC_IMPLEMENTATIONS = YES;
				CLANG_WARN_DIRECT_OBJC_ISA_USAGE = YES_ERROR;
				CLANG_WARN_DOCUMENTATION_COMMENTS = YES;
				CLANG_WARN_EMPTY_BODY = YES;
				CLANG_WARN_ENUM_CONVERSION = YES;
				CLANG_WARN_INFINITE_RECURSION = YES;
				CLANG_WARN_INT_CONVERSION = YES;
				CLANG_WARN_NON_LITERAL_NULL_CONVERSION = YES;
				CLANG_WARN_OBJC_IMPLICIT_RETAIN_SELF = YES;
				CLANG_WARN_OBJC_LITERAL_CONVERSION = YES;
				CLANG_WARN_OBJC_ROOT_CLASS = YES_ERROR;
				CLANG_WARN_QUOTED_INCLUDE_IN_FRAMEWORK_HEADER = YES;
				CLANG_WARN_RANGE_LOOP_ANALYSIS = YES;
				CLANG_WARN_STRICT_PROTOTYPES = YES;
				CLANG_WARN_SUSPICIOUS_MOVE = YES;
				CLANG_WARN_UNGUARDED_AVAILABILITY = YES_AGGRESSIVE;
				CLANG_WARN_UNREACHABLE_CODE = YES;
				CLANG_WARN__DUPLICATE_METHOD_MATCH = YES;
				COPY_PHASE_STRIP = NO;
				DEBUG_INFORMATION_FORMAT = "dwarf-with-dsym";
				ENABLE_NS_ASSERTIONS = NO;
				ENABLE_STRICT_OBJC_MSGSEND = YES;
				GCC_C_LANGUAGE_STANDARD = gnu11;
				GCC_NO_COMMON_BLOCKS = YES;
				GCC_WARN_64_TO_32_BIT_CONVERSION = YES;
				GCC_WARN_ABOUT_RETURN_TYPE = YES_ERROR;
				GCC_WARN_UNDECLARED_SELECTOR = YES;
				GCC_WARN_UNINITIALIZED_AUTOS = YES_AGGRESSIVE;
				GCC_WARN_UNUSED_FUNCTION = YES;
				GCC_WARN_UNUSED_VARIABLE = YES;
				IPHONEOS_DEPLOYMENT_TARGET = 13.0;
				MTL_ENABLE_DEBUG_INFO = NO;
				MTL_FAST_MATH = YES;
				SDKROOT = iphoneos;
				SWIFT_COMPILATION_MODE = wholemodule;
				SWIFT_OPTIMIZATION_LEVEL = "-O";
				VALIDATE_PRODUCT = YES;
			};
			name = Release;
		};
		1E7EAB902A1F82230050AA52 /* Debug */ = {
			isa = XCBuildConfiguration;
			baseConfigurationReference = 2EA33E9E9D9AA3BE24A8DC0B /* Pods-AmwalPaymentExample.debug.xcconfig */;
			buildSettings = {
				ASSETCATALOG_COMPILER_APPICON_NAME = AppIcon;
				ASSETCATALOG_COMPILER_GLOBAL_ACCENT_COLOR_NAME = AccentColor;
				CODE_SIGN_ENTITLEMENTS = AmwalPaymentExample/AmwalPaymentExample.entitlements;
				CODE_SIGN_STYLE = Automatic;
				CURRENT_PROJECT_VERSION = 1;
				DEVELOPMENT_ASSET_PATHS = "\"AmwalPaymentExample/Preview Content\"";
				DEVELOPMENT_TEAM = VZDN5QWB56;
				ENABLE_PREVIEWS = YES;
				FRAMEWORK_SEARCH_PATHS = (
					"$(inherited)",
					"$(PROJECT_DIR)",
				);
				GENERATE_INFOPLIST_FILE = YES;
				INFOPLIST_FILE = AmwalPaymentExample/Info.plist;
				INFOPLIST_KEY_NSCameraUsageDescription = camera_permission_pop_up_message;
				INFOPLIST_KEY_NSLocationAlwaysAndWhenInUseUsageDescription = location_permission_pop_up_message;
				INFOPLIST_KEY_NSLocationAlwaysUsageDescription = location_permission_pop_up_message;
				INFOPLIST_KEY_NSLocationWhenInUseUsageDescription = location_permission_pop_up_message;
				INFOPLIST_KEY_UIApplicationSupportsIndirectInputEvents = YES;
				INFOPLIST_KEY_UILaunchStoryboardName = LaunchScreen.storyboard;
				INFOPLIST_KEY_UIRequiresFullScreen = YES;
				INFOPLIST_KEY_UIStatusBarStyle = UIStatusBarStyleLightContent;
				INFOPLIST_KEY_UISupportedInterfaceOrientations = UIInterfaceOrientationPortrait;
				INFOPLIST_KEY_UISupportedInterfaceOrientations_iPad = "UIInterfaceOrientationPortrait UIInterfaceOrientationPortraitUpsideDown UIInterfaceOrientationLandscapeLeft UIInterfaceOrientationLandscapeRight";
				INFOPLIST_KEY_UISupportedInterfaceOrientations_iPhone = "UIInterfaceOrientationPortrait UIInterfaceOrientationLandscapeLeft UIInterfaceOrientationLandscapeRight";
				IPHONEOS_DEPLOYMENT_TARGET = 13.0;
				LD_RUNPATH_SEARCH_PATHS = (
					"$(inherited)",
					"@executable_path/Frameworks",
				);
				MARKETING_VERSION = 1.0;
				PRODUCT_BUNDLE_IDENTIFIER = "org.cocoapods.demo.amwal-payment-Example.AmwalPaymentExample";
				PRODUCT_NAME = "$(TARGET_NAME)";
				SUPPORTED_PLATFORMS = "iphoneos iphonesimulator macosx";
				SUPPORTS_MACCATALYST = NO;
				SUPPORTS_MAC_DESIGNED_FOR_IPHONE_IPAD = YES;
				SUPPORTS_XR_DESIGNED_FOR_IPHONE_IPAD = NO;
				SWIFT_EMIT_LOC_STRINGS = YES;
				SWIFT_VERSION = 5.0;
				TARGETED_DEVICE_FAMILY = "1,2";
			};
			name = Debug;
		};
		1E7EAB912A1F82230050AA52 /* Release */ = {
			isa = XCBuildConfiguration;
			baseConfigurationReference = D7CE8463E58693D432C6C148 /* Pods-AmwalPaymentExample.release.xcconfig */;
			buildSettings = {
				ASSETCATALOG_COMPILER_APPICON_NAME = AppIcon;
				ASSETCATALOG_COMPILER_GLOBAL_ACCENT_COLOR_NAME = AccentColor;
				CODE_SIGN_ENTITLEMENTS = AmwalPaymentExample/AmwalPaymentExample.entitlements;
				CODE_SIGN_STYLE = Automatic;
				CURRENT_PROJECT_VERSION = 1;
				DEVELOPMENT_ASSET_PATHS = "\"AmwalPaymentExample/Preview Content\"";
				DEVELOPMENT_TEAM = VZDN5QWB56;
				ENABLE_PREVIEWS = YES;
				FRAMEWORK_SEARCH_PATHS = (
					"$(inherited)",
					"$(PROJECT_DIR)",
				);
				GENERATE_INFOPLIST_FILE = YES;
				INFOPLIST_FILE = AmwalPaymentExample/Info.plist;
				INFOPLIST_KEY_NSCameraUsageDescription = camera_permission_pop_up_message;
				INFOPLIST_KEY_NSLocationAlwaysAndWhenInUseUsageDescription = location_permission_pop_up_message;
				INFOPLIST_KEY_NSLocationAlwaysUsageDescription = location_permission_pop_up_message;
				INFOPLIST_KEY_NSLocationWhenInUseUsageDescription = location_permission_pop_up_message;
				INFOPLIST_KEY_UIApplicationSupportsIndirectInputEvents = YES;
				INFOPLIST_KEY_UILaunchStoryboardName = LaunchScreen.storyboard;
				INFOPLIST_KEY_UIRequiresFullScreen = YES;
				INFOPLIST_KEY_UIStatusBarStyle = UIStatusBarStyleLightContent;
				INFOPLIST_KEY_UISupportedInterfaceOrientations = UIInterfaceOrientationPortrait;
				INFOPLIST_KEY_UISupportedInterfaceOrientations_iPad = "UIInterfaceOrientationPortrait UIInterfaceOrientationPortraitUpsideDown UIInterfaceOrientationLandscapeLeft UIInterfaceOrientationLandscapeRight";
				INFOPLIST_KEY_UISupportedInterfaceOrientations_iPhone = "UIInterfaceOrientationPortrait UIInterfaceOrientationLandscapeLeft UIInterfaceOrientationLandscapeRight";
				IPHONEOS_DEPLOYMENT_TARGET = 13.0;
				LD_RUNPATH_SEARCH_PATHS = (
					"$(inherited)",
					"@executable_path/Frameworks",
				);
				MARKETING_VERSION = 1.0;
				PRODUCT_BUNDLE_IDENTIFIER = "org.cocoapods.demo.amwal-payment-Example.AmwalPaymentExample";
				PRODUCT_NAME = "$(TARGET_NAME)";
				SUPPORTED_PLATFORMS = "iphoneos iphonesimulator macosx";
				SUPPORTS_MACCATALYST = NO;
				SUPPORTS_MAC_DESIGNED_FOR_IPHONE_IPAD = YES;
				SUPPORTS_XR_DESIGNED_FOR_IPHONE_IPAD = NO;
				SWIFT_EMIT_LOC_STRINGS = YES;
				SWIFT_VERSION = 5.0;
				TARGETED_DEVICE_FAMILY = "1,2";
			};
			name = Release;
		};
/* End XCBuildConfiguration section */

/* Begin XCConfigurationList section */
		1E17A8012A88E8CB00C9BB82 /* Build configuration list for PBXNativeTarget "AmwalPaymentExampleUITests" */ = {
			isa = XCConfigurationList;
			buildConfigurations = (
				1E17A7FF2A88E8CB00C9BB82 /* Debug */,
				1E17A8002A88E8CB00C9BB82 /* Release */,
			);
			defaultConfigurationIsVisible = 0;
			defaultConfigurationName = Release;
		};
		1E7EAB662A1F82220050AA52 /* Build configuration list for PBXProject "AmwalPaymentExample" */ = {
			isa = XCConfigurationList;
			buildConfigurations = (
				1E7EAB8D2A1F82230050AA52 /* Debug */,
				1E7EAB8E2A1F82230050AA52 /* Release */,
			);
			defaultConfigurationIsVisible = 0;
			defaultConfigurationName = Release;
		};
		1E7EAB8F2A1F82230050AA52 /* Build configuration list for PBXNativeTarget "AmwalPaymentExample" */ = {
			isa = XCConfigurationList;
			buildConfigurations = (
				1E7EAB902A1F82230050AA52 /* Debug */,
				1E7EAB912A1F82230050AA52 /* Release */,
			);
			defaultConfigurationIsVisible = 0;
			defaultConfigurationName = Release;
		};
/* End XCConfigurationList section */

/* Begin XCRemoteSwiftPackageReference section */
		1EB2D4932B00F8EF00940DD6 /* XCRemoteSwiftPackageReference "netfox" */ = {
			isa = XCRemoteSwiftPackageReference;
			repositoryURL = "https://github.com/kasketis/netfox";
			requirement = {
				kind = upToNextMajorVersion;
				minimumVersion = 1.21.0;
			};
		};
/* End XCRemoteSwiftPackageReference section */

/* Begin XCSwiftPackageProductDependency section */
		1EB2D4942B00F8EF00940DD6 /* netfox */ = {
			isa = XCSwiftPackageProductDependency;
			package = 1EB2D4932B00F8EF00940DD6 /* XCRemoteSwiftPackageReference "netfox" */;
			productName = netfox;
		};
/* End XCSwiftPackageProductDependency section */
	};
	rootObject = 1E7EAB632A1F82220050AA52 /* Project object */;
}
